
Microsoft Visual Studio Solution File, Format Version 12.00
# Visual Studio Version 17
VisualStudioVersion = 17.5.33516.290
MinimumVisualStudioVersion = 10.0.40219.1
Project("{FAE04EC0-301F-11D3-BF4B-00C04F79EFBC}") = "db-videogames-query", "db-videogames-query.csproj", "{C622C8D2-1629-48D8-AC3F-50D6BD5DDE30}"
EndProject
Project("{2150E333-8FDC-42A3-9474-1A3956D46DE8}") = "Elementi di soluzione", "Elementi di soluzione", "{3AF5B083-28DE-479E-B1B4-8BB01AC8A1B8}"
	ProjectSection(SolutionItems) = preProject
		join-esercizio.sql = join-esercizio.sql
		SqlQuery_1.sql = SqlQuery_1.sql
		SqlQuery_2.sql = SqlQuery_2.sql
	EndProjectSection
EndProject
Global
	GlobalSection(SolutionConfigurationPlatforms) = preSolution
		Debug|Any CPU = Debug|Any CPU
		Release|Any CPU = Release|Any CPU
	EndGlobalSection
	GlobalSection(ProjectConfigurationPlatforms) = postSolution
		{C622C8D2-1629-48D8-AC3F-50D6BD5DDE30}.Debug|Any CPU.ActiveCfg = Debug|Any CPU
		{C622C8D2-1629-48D8-AC3F-50D6BD5DDE30}.Debug|Any CPU.Build.0 = Debug|Any CPU
		{C622C8D2-1629-48D8-AC3F-50D6BD5DDE30}.Release|Any CPU.ActiveCfg = Release|Any CPU
		{C622C8D2-1629-48D8-AC3F-50D6BD5DDE30}.Release|Any CPU.Build.0 = Release|Any CPU
	EndGlobalSection
	GlobalSection(SolutionProperties) = preSolution
		HideSolutionNode = FALSE
	EndGlobalSection
	GlobalSection(ExtensibilityGlobals) = postSolution
		SolutionGuid = {5AAB4620-0A6C-45E6-865B-1B4CB77B1C5A}
	EndGlobalSection
EndGlobal
